
Microsoft Visual Studio Solution File, Format Version 12.00
# Visual Studio Version 17
VisualStudioVersion = 17.13.35825.156 d17.13
MinimumVisualStudioVersion = 10.0.40219.1
Project("{FAE04EC0-301F-11D3-BF4B-00C04F79EFBC}") = "REPOCheatLoader", "REPOCheatLoader\REPOCheatLoader.csproj", "{35AD5DBC-DAF5-43EE-8D39-EF03511B4680}"
EndProject
Global
	GlobalSection(SolutionConfigurationPlatforms) = preSolution
		Debug|Any CPU = Debug|Any CPU
		Release|Any CPU = Release|Any CPU
	EndGlobalSection
	GlobalSection(ProjectConfigurationPlatforms) = postSolution
		{35AD5DBC-DAF5-43EE-8D39-EF03511B4680}.Debug|Any CPU.ActiveCfg = Debug|Any CPU
		{35AD5DBC-DAF5-43EE-8D39-EF03511B4680}.Debug|Any CPU.Build.0 = Debug|Any CPU
		{35AD5DBC-DAF5-43EE-8D39-EF03511B4680}.Release|Any CPU.ActiveCfg = Release|Any CPU
		{35AD5DBC-DAF5-43EE-8D39-EF03511B4680}.Release|Any CPU.Build.0 = Release|Any CPU
	EndGlobalSection
	GlobalSection(SolutionProperties) = preSolution
		HideSolutionNode = FALSE
	EndGlobalSection
	GlobalSection(ExtensibilityGlobals) = postSolution
		SolutionGuid = {48894077-DD59-4CA1-9A54-3F37C8D50E6A}
	EndGlobalSection
EndGlobal
